// !$*UTF8*$!
{
	archiveVersion = 1;
	classes = {
	};
	objectVersion = 50;
	objects = {

/* Begin PBXBuildFile section */
		E5486C192281E7D5000D4874 /* LoginUITest.swift in Sources */ = {isa = PBXBuildFile; fileRef = E5486C182281E7D5000D4874 /* LoginUITest.swift */; };
		E5AB318C227CC4CF00530B07 /* AppDelegate.swift in Sources */ = {isa = PBXBuildFile; fileRef = E5AB318B227CC4CF00530B07 /* AppDelegate.swift */; };
		E5AB318E227CC4CF00530B07 /* ViewController.swift in Sources */ = {isa = PBXBuildFile; fileRef = E5AB318D227CC4CF00530B07 /* ViewController.swift */; };
		E5AB3191227CC4CF00530B07 /* Main.storyboard in Resources */ = {isa = PBXBuildFile; fileRef = E5AB318F227CC4CF00530B07 /* Main.storyboard */; };
		E5AB3194227CC4CF00530B07 /* Strayer.xcdatamodeld in Sources */ = {isa = PBXBuildFile; fileRef = E5AB3192227CC4CF00530B07 /* Strayer.xcdatamodeld */; };
		E5AB3196227CC4D400530B07 /* Assets.xcassets in Resources */ = {isa = PBXBuildFile; fileRef = E5AB3195227CC4D400530B07 /* Assets.xcassets */; };
		E5AB3199227CC4D400530B07 /* LaunchScreen.storyboard in Resources */ = {isa = PBXBuildFile; fileRef = E5AB3197227CC4D400530B07 /* LaunchScreen.storyboard */; };
		E5AB31A4227CC4D500530B07 /* StrayerTests.swift in Sources */ = {isa = PBXBuildFile; fileRef = E5AB31A3227CC4D500530B07 /* StrayerTests.swift */; };
		E5AB31AF227CC4D500530B07 /* StrayerUITests.swift in Sources */ = {isa = PBXBuildFile; fileRef = E5AB31AE227CC4D500530B07 /* StrayerUITests.swift */; };
/* End PBXBuildFile section */

/* Begin PBXContainerItemProxy section */
		E5AB31A0227CC4D500530B07 /* PBXContainerItemProxy */ = {
			isa = PBXContainerItemProxy;
			containerPortal = E5AB3180227CC4CE00530B07 /* Project object */;
			proxyType = 1;
			remoteGlobalIDString = E5AB3187227CC4CE00530B07;
			remoteInfo = Strayer;
		};
		E5AB31AB227CC4D500530B07 /* PBXContainerItemProxy */ = {
			isa = PBXContainerItemProxy;
			containerPortal = E5AB3180227CC4CE00530B07 /* Project object */;
			proxyType = 1;
			remoteGlobalIDString = E5AB3187227CC4CE00530B07;
			remoteInfo = Strayer;
		};
/* End PBXContainerItemProxy section */

/* Begin PBXFileReference section */
		E5486C182281E7D5000D4874 /* LoginUITest.swift */ = {isa = PBXFileReference; lastKnownFileType = sourcecode.swift; path = LoginUITest.swift; sourceTree = "<group>"; };
		E5AB3188227CC4CE00530B07 /* Strayer.app */ = {isa = PBXFileReference; explicitFileType = wrapper.application; includeInIndex = 0; path = Strayer.app; sourceTree = BUILT_PRODUCTS_DIR; };
		E5AB318B227CC4CF00530B07 /* AppDelegate.swift */ = {isa = PBXFileReference; lastKnownFileType = sourcecode.swift; path = AppDelegate.swift; sourceTree = "<group>"; };
		E5AB318D227CC4CF00530B07 /* ViewController.swift */ = {isa = PBXFileReference; lastKnownFileType = sourcecode.swift; path = ViewController.swift; sourceTree = "<group>"; };
		E5AB3190227CC4CF00530B07 /* Base */ = {isa = PBXFileReference; lastKnownFileType = file.storyboard; name = Base; path = Base.lproj/Main.storyboard; sourceTree = "<group>"; };
		E5AB3193227CC4CF00530B07 /* Strayer.xcdatamodel */ = {isa = PBXFileReference; lastKnownFileType = wrapper.xcdatamodel; path = Strayer.xcdatamodel; sourceTree = "<group>"; };
		E5AB3195227CC4D400530B07 /* Assets.xcassets */ = {isa = PBXFileReference; lastKnownFileType = folder.assetcatalog; path = Assets.xcassets; sourceTree = "<group>"; };
		E5AB3198227CC4D400530B07 /* Base */ = {isa = PBXFileReference; lastKnownFileType = file.storyboard; name = Base; path = Base.lproj/LaunchScreen.storyboard; sourceTree = "<group>"; };
		E5AB319A227CC4D400530B07 /* Info.plist */ = {isa = PBXFileReference; lastKnownFileType = text.plist.xml; path = Info.plist; sourceTree = "<group>"; };
		E5AB319F227CC4D500530B07 /* StrayerTests.xctest */ = {isa = PBXFileReference; explicitFileType = wrapper.cfbundle; includeInIndex = 0; path = StrayerTests.xctest; sourceTree = BUILT_PRODUCTS_DIR; };
		E5AB31A3227CC4D500530B07 /* StrayerTests.swift */ = {isa = PBXFileReference; lastKnownFileType = sourcecode.swift; path = StrayerTests.swift; sourceTree = "<group>"; };
		E5AB31A5227CC4D500530B07 /* Info.plist */ = {isa = PBXFileReference; lastKnownFileType = text.plist.xml; path = Info.plist; sourceTree = "<group>"; };
		E5AB31AA227CC4D500530B07 /* StrayerUITests.xctest */ = {isa = PBXFileReference; explicitFileType = wrapper.cfbundle; includeInIndex = 0; path = StrayerUITests.xctest; sourceTree = BUILT_PRODUCTS_DIR; };
		E5AB31AE227CC4D500530B07 /* StrayerUITests.swift */ = {isa = PBXFileReference; lastKnownFileType = sourcecode.swift; path = StrayerUITests.swift; sourceTree = "<group>"; };
		E5AB31B0227CC4D500530B07 /* Info.plist */ = {isa = PBXFileReference; lastKnownFileType = text.plist.xml; path = Info.plist; sourceTree = "<group>"; };
/* End PBXFileReference section */

/* Begin PBXFrameworksBuildPhase section */
		E5AB3185227CC4CE00530B07 /* Frameworks */ = {
			isa = PBXFrameworksBuildPhase;
			buildActionMask = 2147483647;
			files = (
			);
			runOnlyForDeploymentPostprocessing = 0;
		};
		E5AB319C227CC4D400530B07 /* Frameworks */ = {
			isa = PBXFrameworksBuildPhase;
			buildActionMask = 2147483647;
			files = (
			);
			runOnlyForDeploymentPostprocessing = 0;
		};
		E5AB31A7227CC4D500530B07 /* Frameworks */ = {
			isa = PBXFrameworksBuildPhase;
			buildActionMask = 2147483647;
			files = (
			);
			runOnlyForDeploymentPostprocessing = 0;
		};
/* End PBXFrameworksBuildPhase section */

/* Begin PBXGroup section */
		E5AB317F227CC4CE00530B07 = {
			isa = PBXGroup;
			children = (
				E5AB318A227CC4CE00530B07 /* Strayer */,
				E5AB31A2227CC4D500530B07 /* StrayerTests */,
				E5AB31AD227CC4D500530B07 /* StrayerUITests */,
				E5AB3189227CC4CE00530B07 /* Products */,
			);
			sourceTree = "<group>";
		};
		E5AB3189227CC4CE00530B07 /* Products */ = {
			isa = PBXGroup;
			children = (
				E5AB3188227CC4CE00530B07 /* Strayer.app */,
				E5AB319F227CC4D500530B07 /* StrayerTests.xctest */,
				E5AB31AA227CC4D500530B07 /* StrayerUITests.xctest */,
			);
			name = Products;
			sourceTree = "<group>";
		};
		E5AB318A227CC4CE00530B07 /* Strayer */ = {
			isa = PBXGroup;
			children = (
				E5AB318B227CC4CF00530B07 /* AppDelegate.swift */,
				E5AB318D227CC4CF00530B07 /* ViewController.swift */,
				E5AB318F227CC4CF00530B07 /* Main.storyboard */,
				E5AB3195227CC4D400530B07 /* Assets.xcassets */,
				E5AB3197227CC4D400530B07 /* LaunchScreen.storyboard */,
				E5AB319A227CC4D400530B07 /* Info.plist */,
				E5AB3192227CC4CF00530B07 /* Strayer.xcdatamodeld */,
			);
			path = Strayer;
			sourceTree = "<group>";
		};
		E5AB31A2227CC4D500530B07 /* StrayerTests */ = {
			isa = PBXGroup;
			children = (
				E5AB31A3227CC4D500530B07 /* StrayerTests.swift */,
				E5AB31A5227CC4D500530B07 /* Info.plist */,
			);
			path = StrayerTests;
			sourceTree = "<group>";
		};
		E5AB31AD227CC4D500530B07 /* StrayerUITests */ = {
			isa = PBXGroup;
			children = (
				E5AB31AE227CC4D500530B07 /* StrayerUITests.swift */,
				E5AB31B0227CC4D500530B07 /* Info.plist */,
				E5486C182281E7D5000D4874 /* LoginUITest.swift */,
			);
			path = StrayerUITests;
			sourceTree = "<group>";
		};
/* End PBXGroup section */

/* Begin PBXNativeTarget section */
		E5AB3187227CC4CE00530B07 /* Strayer */ = {
			isa = PBXNativeTarget;
			buildConfigurationList = E5AB31B3227CC4D500530B07 /* Build configuration list for PBXNativeTarget "Strayer" */;
			buildPhases = (
				E5AB3184227CC4CE00530B07 /* Sources */,
				E5AB3185227CC4CE00530B07 /* Frameworks */,
				E5AB3186227CC4CE00530B07 /* Resources */,
			);
			buildRules = (
			);
			dependencies = (
			);
			name = Strayer;
			productName = Strayer;
			productReference = E5AB3188227CC4CE00530B07 /* Strayer.app */;
			productType = "com.apple.product-type.application";
		};
		E5AB319E227CC4D400530B07 /* StrayerTests */ = {
			isa = PBXNativeTarget;
			buildConfigurationList = E5AB31B6227CC4D500530B07 /* Build configuration list for PBXNativeTarget "StrayerTests" */;
			buildPhases = (
				E5AB319B227CC4D400530B07 /* Sources */,
				E5AB319C227CC4D400530B07 /* Frameworks */,
				E5AB319D227CC4D400530B07 /* Resources */,
			);
			buildRules = (
			);
			dependencies = (
				E5AB31A1227CC4D500530B07 /* PBXTargetDependency */,
			);
			name = StrayerTests;
			productName = StrayerTests;
			productReference = E5AB319F227CC4D500530B07 /* StrayerTests.xctest */;
			productType = "com.apple.product-type.bundle.unit-test";
		};
		E5AB31A9227CC4D500530B07 /* StrayerUITests */ = {
			isa = PBXNativeTarget;
			buildConfigurationList = E5AB31B9227CC4D500530B07 /* Build configuration list for PBXNativeTarget "StrayerUITests" */;
			buildPhases = (
				E5AB31A6227CC4D500530B07 /* Sources */,
				E5AB31A7227CC4D500530B07 /* Frameworks */,
				E5AB31A8227CC4D500530B07 /* Resources */,
			);
			buildRules = (
			);
			dependencies = (
				E5AB31AC227CC4D500530B07 /* PBXTargetDependency */,
			);
			name = StrayerUITests;
			productName = StrayerUITests;
			productReference = E5AB31AA227CC4D500530B07 /* StrayerUITests.xctest */;
			productType = "com.apple.product-type.bundle.ui-testing";
		};
/* End PBXNativeTarget section */

/* Begin PBXProject section */
		E5AB3180227CC4CE00530B07 /* Project object */ = {
			isa = PBXProject;
			attributes = {
				LastSwiftUpdateCheck = 1010;
				LastUpgradeCheck = 1010;
				ORGANIZATIONNAME = edu.strayer;
				TargetAttributes = {
					E5AB3187227CC4CE00530B07 = {
						CreatedOnToolsVersion = 10.1;
					};
					E5AB319E227CC4D400530B07 = {
						CreatedOnToolsVersion = 10.1;
						TestTargetID = E5AB3187227CC4CE00530B07;
					};
					E5AB31A9227CC4D500530B07 = {
						CreatedOnToolsVersion = 10.1;
						TestTargetID = E5AB3187227CC4CE00530B07;
					};
				};
			};
			buildConfigurationList = E5AB3183227CC4CE00530B07 /* Build configuration list for PBXProject "Strayer" */;
			compatibilityVersion = "Xcode 9.3";
			developmentRegion = en;
			hasScannedForEncodings = 0;
			knownRegions = (
				en,
				Base,
			);
			mainGroup = E5AB317F227CC4CE00530B07;
			productRefGroup = E5AB3189227CC4CE00530B07 /* Products */;
			projectDirPath = "";
			projectRoot = "";
			targets = (
				E5AB3187227CC4CE00530B07 /* Strayer */,
				E5AB319E227CC4D400530B07 /* StrayerTests */,
				E5AB31A9227CC4D500530B07 /* StrayerUITests */,
			);
		};
/* End PBXProject section */

/* Begin PBXResourcesBuildPhase section */
		E5AB3186227CC4CE00530B07 /* Resources */ = {
			isa = PBXResourcesBuildPhase;
			buildActionMask = 2147483647;
			files = (
				E5AB3199227CC4D400530B07 /* LaunchScreen.storyboard in Resources */,
				E5AB3196227CC4D400530B07 /* Assets.xcassets in Resources */,
				E5AB3191227CC4CF00530B07 /* Main.storyboard in Resources */,
			);
			runOnlyForDeploymentPostprocessing = 0;
		};
		E5AB319D227CC4D400530B07 /* Resources */ = {
			isa = PBXResourcesBuildPhase;
			buildActionMask = 2147483647;
			files = (
			);
			runOnlyForDeploymentPostprocessing = 0;
		};
		E5AB31A8227CC4D500530B07 /* Resources */ = {
			isa = PBXResourcesBuildPhase;
			buildActionMask = 2147483647;
			files = (
			);
			runOnlyForDeploymentPostprocessing = 0;
		};
/* End PBXResourcesBuildPhase section */

/* Begin PBXSourcesBuildPhase section */
		E5AB3184227CC4CE00530B07 /* Sources */ = {
			isa = PBXSourcesBuildPhase;
			buildActionMask = 2147483647;
			files = (
				E5AB318E227CC4CF00530B07 /* ViewController.swift in Sources */,
				E5AB318C227CC4CF00530B07 /* AppDelegate.swift in Sources */,
				E5AB3194227CC4CF00530B07 /* Strayer.xcdatamodeld in Sources */,
			);
			runOnlyForDeploymentPostprocessing = 0;
		};
		E5AB319B227CC4D400530B07 /* Sources */ = {
			isa = PBXSourcesBuildPhase;
			buildActionMask = 2147483647;
			files = (
				E5AB31A4227CC4D500530B07 /* StrayerTests.swift in Sources */,
			);
			runOnlyForDeploymentPostprocessing = 0;
		};
		E5AB31A6227CC4D500530B07 /* Sources */ = {
			isa = PBXSourcesBuildPhase;
			buildActionMask = 2147483647;
			files = (
				E5AB31AF227CC4D500530B07 /* StrayerUITests.swift in Sources */,
				E5486C192281E7D5000D4874 /* LoginUITest.swift in Sources */,
			);
			runOnlyForDeploymentPostprocessing = 0;
		};
/* End PBXSourcesBuildPhase section */

/* Begin PBXTargetDependency section */
		E5AB31A1227CC4D500530B07 /* PBXTargetDependency */ = {
			isa = PBXTargetDependency;
			target = E5AB3187227CC4CE00530B07 /* Strayer */;
			targetProxy = E5AB31A0227CC4D500530B07 /* PBXContainerItemProxy */;
		};
		E5AB31AC227CC4D500530B07 /* PBXTargetDependency */ = {
			isa = PBXTargetDependency;
			target = E5AB3187227CC4CE00530B07 /* Strayer */;
			targetProxy = E5AB31AB227CC4D500530B07 /* PBXContainerItemProxy */;
		};
/* End PBXTargetDependency section */

/* Begin PBXVariantGroup section */
		E5AB318F227CC4CF00530B07 /* Main.storyboard */ = {
			isa = PBXVariantGroup;
			children = (
				E5AB3190227CC4CF00530B07 /* Base */,
			);
			name = Main.storyboard;
			sourceTree = "<group>";
		};
		E5AB3197227CC4D400530B07 /* LaunchScreen.storyboard */ = {
			isa = PBXVariantGroup;
			children = (
				E5AB3198227CC4D400530B07 /* Base */,
			);
			name = LaunchScreen.storyboard;
			sourceTree = "<group>";
		};
/* End PBXVariantGroup section */

/* Begin XCBuildConfiguration section */
		E5AB31B1227CC4D500530B07 /* Debug */ = {
			isa = XCBuildConfiguration;
			buildSettings = {
				ALWAYS_SEARCH_USER_PATHS = NO;
				CLANG_ANALYZER_NONNULL = YES;
				CLANG_ANALYZER_NUMBER_OBJECT_CONVERSION = YES_AGGRESSIVE;
				CLANG_CXX_LANGUAGE_STANDARD = "gnu++14";
				CLANG_CXX_LIBRARY = "libc++";
				CLANG_ENABLE_MODULES = YES;
				CLANG_ENABLE_OBJC_ARC = YES;
				CLANG_ENABLE_OBJC_WEAK = YES;
				CLANG_WARN_BLOCK_CAPTURE_AUTORELEASING = YES;
				CLANG_WARN_BOOL_CONVERSION = YES;
				CLANG_WARN_COMMA = YES;
				CLANG_WARN_CONSTANT_CONVERSION = YES;
				CLANG_WARN_DEPRECATED_OBJC_IMPLEMENTATIONS = YES;
				CLANG_WARN_DIRECT_OBJC_ISA_USAGE = YES_ERROR;
				CLANG_WARN_DOCUMENTATION_COMMENTS = YES;
				CLANG_WARN_EMPTY_BODY = YES;
				CLANG_WARN_ENUM_CONVERSION = YES;
				CLANG_WARN_INFINITE_RECURSION = YES;
				CLANG_WARN_INT_CONVERSION = YES;
				CLANG_WARN_NON_LITERAL_NULL_CONVERSION = YES;
				CLANG_WARN_OBJC_IMPLICIT_RETAIN_SELF = YES;
				CLANG_WARN_OBJC_LITERAL_CONVERSION = YES;
				CLANG_WARN_OBJC_ROOT_CLASS = YES_ERROR;
				CLANG_WARN_RANGE_LOOP_ANALYSIS = YES;
				CLANG_WARN_STRICT_PROTOTYPES = YES;
				CLANG_WARN_SUSPICIOUS_MOVE = YES;
				CLANG_WARN_UNGUARDED_AVAILABILITY = YES_AGGRESSIVE;
				CLANG_WARN_UNREACHABLE_CODE = YES;
				CLANG_WARN__DUPLICATE_METHOD_MATCH = YES;
				CODE_SIGN_IDENTITY = "iPhone Distribution: Strayer University (QNYPRQV3PB)";
				COPY_PHASE_STRIP = NO;
				DEBUG_INFORMATION_FORMAT = dwarf;
				ENABLE_STRICT_OBJC_MSGSEND = YES;
				ENABLE_TESTABILITY = YES;
				GCC_C_LANGUAGE_STANDARD = gnu11;
				GCC_DYNAMIC_NO_PIC = NO;
				GCC_NO_COMMON_BLOCKS = YES;
				GCC_OPTIMIZATION_LEVEL = 0;
				GCC_PREPROCESSOR_DEFINITIONS = (
					"DEBUG=1",
					"$(inherited)",
				);
				GCC_WARN_64_TO_32_BIT_CONVERSION = YES;
				GCC_WARN_ABOUT_RETURN_TYPE = YES_ERROR;
				GCC_WARN_UNDECLARED_SELECTOR = YES;
				GCC_WARN_UNINITIALIZED_AUTOS = YES_AGGRESSIVE;
				GCC_WARN_UNUSED_FUNCTION = YES;
				GCC_WARN_UNUSED_VARIABLE = YES;
				IPHONEOS_DEPLOYMENT_TARGET = 12.1;
				MTL_ENABLE_DEBUG_INFO = INCLUDE_SOURCE;
				MTL_FAST_MATH = YES;
				ONLY_ACTIVE_ARCH = YES;
				SDKROOT = iphoneos;
				SWIFT_ACTIVE_COMPILATION_CONDITIONS = DEBUG;
				SWIFT_OPTIMIZATION_LEVEL = "-Onone";
			};
			name = Debug;
		};
		E5AB31B2227CC4D500530B07 /* Release */ = {
			isa = XCBuildConfiguration;
			buildSettings = {
				ALWAYS_SEARCH_USER_PATHS = NO;
				CLANG_ANALYZER_NONNULL = YES;
				CLANG_ANALYZER_NUMBER_OBJECT_CONVERSION = YES_AGGRESSIVE;
				CLANG_CXX_LANGUAGE_STANDARD = "gnu++14";
				CLANG_CXX_LIBRARY = "libc++";
				CLANG_ENABLE_MODULES = YES;
				CLANG_ENABLE_OBJC_ARC = YES;
				CLANG_ENABLE_OBJC_WEAK = YES;
				CLANG_WARN_BLOCK_CAPTURE_AUTORELEASING = YES;
				CLANG_WARN_BOOL_CONVERSION = YES;
				CLANG_WARN_COMMA = YES;
				CLANG_WARN_CONSTANT_CONVERSION = YES;
				CLANG_WARN_DEPRECATED_OBJC_IMPLEMENTATIONS = YES;
				CLANG_WARN_DIRECT_OBJC_ISA_USAGE = YES_ERROR;
				CLANG_WARN_DOCUMENTATION_COMMENTS = YES;
				CLANG_WARN_EMPTY_BODY = YES;
				CLANG_WARN_ENUM_CONVERSION = YES;
				CLANG_WARN_INFINITE_RECURSION = YES;
				CLANG_WARN_INT_CONVERSION = YES;
				CLANG_WARN_NON_LITERAL_NULL_CONVERSION = YES;
				CLANG_WARN_OBJC_IMPLICIT_RETAIN_SELF = YES;
				CLANG_WARN_OBJC_LITERAL_CONVERSION = YES;
				CLANG_WARN_OBJC_ROOT_CLASS = YES_ERROR;
				CLANG_WARN_RANGE_LOOP_ANALYSIS = YES;
				CLANG_WARN_STRICT_PROTOTYPES = YES;
				CLANG_WARN_SUSPICIOUS_MOVE = YES;
				CLANG_WARN_UNGUARDED_AVAILABILITY = YES_AGGRESSIVE;
				CLANG_WARN_UNREACHABLE_CODE = YES;
				CLANG_WARN__DUPLICATE_METHOD_MATCH = YES;
				CODE_SIGN_IDENTITY = "iPhone Distribution: Strayer University (QNYPRQV3PB)";
				COPY_PHASE_STRIP = NO;
				DEBUG_INFORMATION_FORMAT = "dwarf-with-dsym";
				ENABLE_NS_ASSERTIONS = NO;
				ENABLE_STRICT_OBJC_MSGSEND = YES;
				GCC_C_LANGUAGE_STANDARD = gnu11;
				GCC_NO_COMMON_BLOCKS = YES;
				GCC_WARN_64_TO_32_BIT_CONVERSION = YES;
				GCC_WARN_ABOUT_RETURN_TYPE = YES_ERROR;
				GCC_WARN_UNDECLARED_SELECTOR = YES;
				GCC_WARN_UNINITIALIZED_AUTOS = YES_AGGRESSIVE;
				GCC_WARN_UNUSED_FUNCTION = YES;
				GCC_WARN_UNUSED_VARIABLE = YES;
				IPHONEOS_DEPLOYMENT_TARGET = 12.1;
				MTL_ENABLE_DEBUG_INFO = NO;
				MTL_FAST_MATH = YES;
				ONLY_ACTIVE_ARCH = YES;
				SDKROOT = iphoneos;
				SWIFT_COMPILATION_MODE = wholemodule;
				SWIFT_OPTIMIZATION_LEVEL = "-O";
				VALIDATE_PRODUCT = YES;
			};
			name = Release;
		};
		E5AB31B4227CC4D500530B07 /* Debug */ = {
			isa = XCBuildConfiguration;
			buildSettings = {
				ASSETCATALOG_COMPILER_APPICON_NAME = AppIcon;
				CODE_SIGN_IDENTITY = "iPhone Distribution: Strayer University (QNYPRQV3PB)";
				CODE_SIGN_STYLE = Manual;
				DEVELOPMENT_TEAM = QNYPRQV3PB;
				INFOPLIST_FILE = Strayer/Info.plist;
				IPHONEOS_DEPLOYMENT_TARGET = 11.0;
				LD_RUNPATH_SEARCH_PATHS = (
					"$(inherited)",
					"@executable_path/Frameworks",
				);
				PRODUCT_BUNDLE_IDENTIFIER = edu.strayer.Strayer;
				PRODUCT_NAME = "$(TARGET_NAME)";
				PROVISIONING_PROFILE_SPECIFIER = iOSProvisioningProfileAdhoc;
				SWIFT_VERSION = 4.2;
				TARGETED_DEVICE_FAMILY = "1,2";
			};
			name = Debug;
		};
		E5AB31B5227CC4D500530B07 /* Release */ = {
			isa = XCBuildConfiguration;
			buildSettings = {
				ASSETCATALOG_COMPILER_APPICON_NAME = AppIcon;
				CODE_SIGN_IDENTITY = "iPhone Distribution: Strayer University (QNYPRQV3PB)";
				CODE_SIGN_STYLE = Manual;
				DEVELOPMENT_TEAM = QNYPRQV3PB;
				INFOPLIST_FILE = Strayer/Info.plist;
				IPHONEOS_DEPLOYMENT_TARGET = 11.0;
				LD_RUNPATH_SEARCH_PATHS = (
					"$(inherited)",
					"@executable_path/Frameworks",
				);
				PRODUCT_BUNDLE_IDENTIFIER = edu.strayer.Strayer;
				PRODUCT_NAME = "$(TARGET_NAME)";
				PROVISIONING_PROFILE_SPECIFIER = iOSProvisioningProfileAdhoc;
				SWIFT_VERSION = 4.2;
				TARGETED_DEVICE_FAMILY = "1,2";
			};
			name = Release;
		};
		E5AB31B7227CC4D500530B07 /* Debug */ = {
			isa = XCBuildConfiguration;
			buildSettings = {
				ALWAYS_EMBED_SWIFT_STANDARD_LIBRARIES = YES;
				BUNDLE_LOADER = "$(TEST_HOST)";
				CODE_SIGN_STYLE = Automatic;
				DEVELOPMENT_TEAM = QNYPRQV3PB;
				INFOPLIST_FILE = StrayerTests/Info.plist;
				LD_RUNPATH_SEARCH_PATHS = (
					"$(inherited)",
					"@executable_path/Frameworks",
					"@loader_path/Frameworks",
				);
				PRODUCT_BUNDLE_IDENTIFIER = edu.strayer.StrayerTests;
				PRODUCT_NAME = "$(TARGET_NAME)";
				SWIFT_VERSION = 4.2;
				TARGETED_DEVICE_FAMILY = "1,2";
				TEST_HOST = "$(BUILT_PRODUCTS_DIR)/Strayer.app/Strayer";
			};
			name = Debug;
		};
		E5AB31B8227CC4D500530B07 /* Release */ = {
			isa = XCBuildConfiguration;
			buildSettings = {
				ALWAYS_EMBED_SWIFT_STANDARD_LIBRARIES = YES;
				BUNDLE_LOADER = "$(TEST_HOST)";
				CODE_SIGN_STYLE = Automatic;
				DEVELOPMENT_TEAM = QNYPRQV3PB;
				INFOPLIST_FILE = StrayerTests/Info.plist;
				LD_RUNPATH_SEARCH_PATHS = (
					"$(inherited)",
					"@executable_path/Frameworks",
					"@loader_path/Frameworks",
				);
				PRODUCT_BUNDLE_IDENTIFIER = edu.strayer.StrayerTests;
				PRODUCT_NAME = "$(TARGET_NAME)";
				SWIFT_VERSION = 4.2;
				TARGETED_DEVICE_FAMILY = "1,2";
				TEST_HOST = "$(BUILT_PRODUCTS_DIR)/Strayer.app/Strayer";
			};
			name = Release;
		};
		E5AB31BA227CC4D500530B07 /* Debug */ = {
			isa = XCBuildConfiguration;
			buildSettings = {
				ALWAYS_EMBED_SWIFT_STANDARD_LIBRARIES = YES;
				CODE_SIGN_STYLE = Automatic;
				DEVELOPMENT_TEAM = QNYPRQV3PB;
				INFOPLIST_FILE = StrayerUITests/Info.plist;
				LD_RUNPATH_SEARCH_PATHS = (
					"$(inherited)",
					"@executable_path/Frameworks",
					"@loader_path/Frameworks",
				);
				PRODUCT_BUNDLE_IDENTIFIER = edu.strayer.StrayerUITests;
				PRODUCT_NAME = "$(TARGET_NAME)";
				SWIFT_VERSION = 4.2;
				TARGETED_DEVICE_FAMILY = "1,2";
				TEST_TARGET_NAME = Strayer;
			};
			name = Debug;
		};
		E5AB31BB227CC4D500530B07 /* Release */ = {
			isa = XCBuildConfiguration;
			buildSettings = {
				ALWAYS_EMBED_SWIFT_STANDARD_LIBRARIES = YES;
				CODE_SIGN_STYLE = Automatic;
				DEVELOPMENT_TEAM = QNYPRQV3PB;
				INFOPLIST_FILE = StrayerUITests/Info.plist;
				LD_RUNPATH_SEARCH_PATHS = (
					"$(inherited)",
					"@executable_path/Frameworks",
					"@loader_path/Frameworks",
				);
				PRODUCT_BUNDLE_IDENTIFIER = edu.strayer.StrayerUITests;
				PRODUCT_NAME = "$(TARGET_NAME)";
				SWIFT_VERSION = 4.2;
				TARGETED_DEVICE_FAMILY = "1,2";
				TEST_TARGET_NAME = Strayer;
			};
			name = Release;
		};
/* End XCBuildConfiguration section */

/* Begin XCConfigurationList section */
		E5AB3183227CC4CE00530B07 /* Build configuration list for PBXProject "Strayer" */ = {
			isa = XCConfigurationList;
			buildConfigurations = (
				E5AB31B1227CC4D500530B07 /* Debug */,
				E5AB31B2227CC4D500530B07 /* Release */,
			);
			defaultConfigurationIsVisible = 0;
			defaultConfigurationName = Release;
		};
		E5AB31B3227CC4D500530B07 /* Build configuration list for PBXNativeTarget "Strayer" */ = {
			isa = XCConfigurationList;
			buildConfigurations = (
				E5AB31B4227CC4D500530B07 /* Debug */,
				E5AB31B5227CC4D500530B07 /* Release */,
			);
			defaultConfigurationIsVisible = 0;
			defaultConfigurationName = Release;
		};
		E5AB31B6227CC4D500530B07 /* Build configuration list for PBXNativeTarget "StrayerTests" */ = {
			isa = XCConfigurationList;
			buildConfigurations = (
				E5AB31B7227CC4D500530B07 /* Debug */,
				E5AB31B8227CC4D500530B07 /* Release */,
			);
			defaultConfigurationIsVisible = 0;
			defaultConfigurationName = Release;
		};
		E5AB31B9227CC4D500530B07 /* Build configuration list for PBXNativeTarget "StrayerUITests" */ = {
			isa = XCConfigurationList;
			buildConfigurations = (
				E5AB31BA227CC4D500530B07 /* Debug */,
				E5AB31BB227CC4D500530B07 /* Release */,
			);
			defaultConfigurationIsVisible = 0;
			defaultConfigurationName = Release;
		};
/* End XCConfigurationList section */

/* Begin XCVersionGroup section */
		E5AB3192227CC4CF00530B07 /* Strayer.xcdatamodeld */ = {
			isa = XCVersionGroup;
			children = (
				E5AB3193227CC4CF00530B07 /* Strayer.xcdatamodel */,
			);
			currentVersion = E5AB3193227CC4CF00530B07 /* Strayer.xcdatamodel */;
			path = Strayer.xcdatamodeld;
			sourceTree = "<group>";
			versionGroupType = wrapper.xcdatamodel;
		};
/* End XCVersionGroup section */
	};
	rootObject = E5AB3180227CC4CE00530B07 /* Project object */;
}
